
Microsoft Visual Studio Solution File, Format Version 12.00
# Visual Studio Version 17
VisualStudioVersion = 17.0.31903.59
MinimumVisualStudioVersion = 10.0.40219.1
Project("{2150E333-8FDC-42A3-9474-1A3956D46DE8}") = "src", "src", "{827E0CD3-B72D-47B6-A68D-7590B98EB39B}"
EndProject
Project("{FAE04EC0-301F-11D3-BF4B-00C04F79EFBC}") = "Caching.NET", "src\Caching.NET\Caching.NET.csproj", "{D739E181-6BB3-43CE-9454-4DF408EE256B}"
EndProject
Project("{2150E333-8FDC-42A3-9474-1A3956D46DE8}") = "tests", "tests", "{0AB3BF05-4346-4AA6-1389-037BE0695223}"
EndProject
Project("{FAE04EC0-301F-11D3-BF4B-00C04F79EFBC}") = "Caching.NET.Tests", "tests\Caching.NET.Tests\Caching.NET.Tests.csproj", "{BED24C43-3F85-4D39-987C-C879FD010852}"
EndProject
Project("{2150E333-8FDC-42A3-9474-1A3956D46DE8}") = "samples", "samples", "{5D20AA90-6969-D8BD-9DCD-8634F4692FDA}"
EndProject
Project("{FAE04EC0-301F-11D3-BF4B-00C04F79EFBC}") = "Caching.NET.Sample", "samples\Caching.NET.Sample\Caching.NET.Sample.csproj", "{213F7EA2-A765-4CB6-9337-9376D5E479EA}"
EndProject
Global
	GlobalSection(SolutionConfigurationPlatforms) = preSolution
		Debug|Any CPU = Debug|Any CPU
		Debug|x64 = Debug|x64
		Debug|x86 = Debug|x86
		Release|Any CPU = Release|Any CPU
		Release|x64 = Release|x64
		Release|x86 = Release|x86
	EndGlobalSection
	GlobalSection(ProjectConfigurationPlatforms) = postSolution
		{D739E181-6BB3-43CE-9454-4DF408EE256B}.Debug|Any CPU.ActiveCfg = Debug|Any CPU
		{D739E181-6BB3-43CE-9454-4DF408EE256B}.Debug|Any CPU.Build.0 = Debug|Any CPU
		{D739E181-6BB3-43CE-9454-4DF408EE256B}.Debug|x64.ActiveCfg = Debug|Any CPU
		{D739E181-6BB3-43CE-9454-4DF408EE256B}.Debug|x64.Build.0 = Debug|Any CPU
		{D739E181-6BB3-43CE-9454-4DF408EE256B}.Debug|x86.ActiveCfg = Debug|Any CPU
		{D739E181-6BB3-43CE-9454-4DF408EE256B}.Debug|x86.Build.0 = Debug|Any CPU
		{D739E181-6BB3-43CE-9454-4DF408EE256B}.Release|Any CPU.ActiveCfg = Release|Any CPU
		{D739E181-6BB3-43CE-9454-4DF408EE256B}.Release|Any CPU.Build.0 = Release|Any CPU
		{D739E181-6BB3-43CE-9454-4DF408EE256B}.Release|x64.ActiveCfg = Release|Any CPU
		{D739E181-6BB3-43CE-9454-4DF408EE256B}.Release|x64.Build.0 = Release|Any CPU
		{D739E181-6BB3-43CE-9454-4DF408EE256B}.Release|x86.ActiveCfg = Release|Any CPU
		{D739E181-6BB3-43CE-9454-4DF408EE256B}.Release|x86.Build.0 = Release|Any CPU
		{BED24C43-3F85-4D39-987C-C879FD010852}.Debug|Any CPU.ActiveCfg = Debug|Any CPU
		{BED24C43-3F85-4D39-987C-C879FD010852}.Debug|Any CPU.Build.0 = Debug|Any CPU
		{BED24C43-3F85-4D39-987C-C879FD010852}.Debug|x64.ActiveCfg = Debug|Any CPU
		{BED24C43-3F85-4D39-987C-C879FD010852}.Debug|x64.Build.0 = Debug|Any CPU
		{BED24C43-3F85-4D39-987C-C879FD010852}.Debug|x86.ActiveCfg = Debug|Any CPU
		{BED24C43-3F85-4D39-987C-C879FD010852}.Debug|x86.Build.0 = Debug|Any CPU
		{BED24C43-3F85-4D39-987C-C879FD010852}.Release|Any CPU.ActiveCfg = Release|Any CPU
		{BED24C43-3F85-4D39-987C-C879FD010852}.Release|Any CPU.Build.0 = Release|Any CPU
		{BED24C43-3F85-4D39-987C-C879FD010852}.Release|x64.ActiveCfg = Release|Any CPU
		{BED24C43-3F85-4D39-987C-C879FD010852}.Release|x64.Build.0 = Release|Any CPU
		{BED24C43-3F85-4D39-987C-C879FD010852}.Release|x86.ActiveCfg = Release|Any CPU
		{BED24C43-3F85-4D39-987C-C879FD010852}.Release|x86.Build.0 = Release|Any CPU
		{213F7EA2-A765-4CB6-9337-9376D5E479EA}.Debug|Any CPU.ActiveCfg = Debug|Any CPU
		{213F7EA2-A765-4CB6-9337-9376D5E479EA}.Debug|Any CPU.Build.0 = Debug|Any CPU
		{213F7EA2-A765-4CB6-9337-9376D5E479EA}.Debug|x64.ActiveCfg = Debug|Any CPU
		{213F7EA2-A765-4CB6-9337-9376D5E479EA}.Debug|x64.Build.0 = Debug|Any CPU
		{213F7EA2-A765-4CB6-9337-9376D5E479EA}.Debug|x86.ActiveCfg = Debug|Any CPU
		{213F7EA2-A765-4CB6-9337-9376D5E479EA}.Debug|x86.Build.0 = Debug|Any CPU
		{213F7EA2-A765-4CB6-9337-9376D5E479EA}.Release|Any CPU.ActiveCfg = Release|Any CPU
		{213F7EA2-A765-4CB6-9337-9376D5E479EA}.Release|Any CPU.Build.0 = Release|Any CPU
		{213F7EA2-A765-4CB6-9337-9376D5E479EA}.Release|x64.ActiveCfg = Release|Any CPU
		{213F7EA2-A765-4CB6-9337-9376D5E479EA}.Release|x64.Build.0 = Release|Any CPU
		{213F7EA2-A765-4CB6-9337-9376D5E479EA}.Release|x86.ActiveCfg = Release|Any CPU
		{213F7EA2-A765-4CB6-9337-9376D5E479EA}.Release|x86.Build.0 = Release|Any CPU
	EndGlobalSection
	GlobalSection(SolutionProperties) = preSolution
		HideSolutionNode = FALSE
	EndGlobalSection
	GlobalSection(NestedProjects) = preSolution
		{D739E181-6BB3-43CE-9454-4DF408EE256B} = {827E0CD3-B72D-47B6-A68D-7590B98EB39B}
		{BED24C43-3F85-4D39-987C-C879FD010852} = {0AB3BF05-4346-4AA6-1389-037BE0695223}
		{213F7EA2-A765-4CB6-9337-9376D5E479EA} = {5D20AA90-6969-D8BD-9DCD-8634F4692FDA}
	EndGlobalSection
EndGlobal
